
Microsoft Visual Studio Solution File, Format Version 12.00
# Visual Studio Version 16
VisualStudioVersion = 16.0.31613.86
MinimumVisualStudioVersion = 10.0.40219.1
Project("{8BC9CEB8-8B4A-11D0-8D11-00A0C91BC942}") = "20211202", "20211202\20211202.vcxproj", "{01C65DC2-DF14-4AD8-AA70-7F54B478822F}"
EndProject
Global
	GlobalSection(SolutionConfigurationPlatforms) = preSolution
		Debug|x64 = Debug|x64
		Debug|x86 = Debug|x86
		Release|x64 = Release|x64
		Release|x86 = Release|x86
	EndGlobalSection
	GlobalSection(ProjectConfigurationPlatforms) = postSolution
		{01C65DC2-DF14-4AD8-AA70-7F54B478822F}.Debug|x64.ActiveCfg = Debug|x64
		{01C65DC2-DF14-4AD8-AA70-7F54B478822F}.Debug|x64.Build.0 = Debug|x64
		{01C65DC2-DF14-4AD8-AA70-7F54B478822F}.Debug|x86.ActiveCfg = Debug|Win32
		{01C65DC2-DF14-4AD8-AA70-7F54B478822F}.Debug|x86.Build.0 = Debug|Win32
		{01C65DC2-DF14-4AD8-AA70-7F54B478822F}.Release|x64.ActiveCfg = Release|x64
		{01C65DC2-DF14-4AD8-AA70-7F54B478822F}.Release|x64.Build.0 = Release|x64
		{01C65DC2-DF14-4AD8-AA70-7F54B478822F}.Release|x86.ActiveCfg = Release|Win32
		{01C65DC2-DF14-4AD8-AA70-7F54B478822F}.Release|x86.Build.0 = Release|Win32
	EndGlobalSection
	GlobalSection(SolutionProperties) = preSolution
		HideSolutionNode = FALSE
	EndGlobalSection
	GlobalSection(ExtensibilityGlobals) = postSolution
		SolutionGuid = {A0515F82-6753-4CDE-A3E2-019737A4E399}
	EndGlobalSection
EndGlobal
