
Microsoft Visual Studio Solution File, Format Version 12.00
# Visual Studio Version 16
VisualStudioVersion = 16.0.31613.86
MinimumVisualStudioVersion = 10.0.40219.1
Project("{8BC9CEB8-8B4A-11D0-8D11-00A0C91BC942}") = "game1", "game1\game1.vcxproj", "{BC811998-8313-42CE-B9FA-B303BD23D250}"
EndProject
Global
	GlobalSection(SolutionConfigurationPlatforms) = preSolution
		Debug|x64 = Debug|x64
		Debug|x86 = Debug|x86
		Release|x64 = Release|x64
		Release|x86 = Release|x86
	EndGlobalSection
	GlobalSection(ProjectConfigurationPlatforms) = postSolution
		{BC811998-8313-42CE-B9FA-B303BD23D250}.Debug|x64.ActiveCfg = Debug|x64
		{BC811998-8313-42CE-B9FA-B303BD23D250}.Debug|x64.Build.0 = Debug|x64
		{BC811998-8313-42CE-B9FA-B303BD23D250}.Debug|x86.ActiveCfg = Debug|Win32
		{BC811998-8313-42CE-B9FA-B303BD23D250}.Debug|x86.Build.0 = Debug|Win32
		{BC811998-8313-42CE-B9FA-B303BD23D250}.Release|x64.ActiveCfg = Release|x64
		{BC811998-8313-42CE-B9FA-B303BD23D250}.Release|x64.Build.0 = Release|x64
		{BC811998-8313-42CE-B9FA-B303BD23D250}.Release|x86.ActiveCfg = Release|Win32
		{BC811998-8313-42CE-B9FA-B303BD23D250}.Release|x86.Build.0 = Release|Win32
	EndGlobalSection
	GlobalSection(SolutionProperties) = preSolution
		HideSolutionNode = FALSE
	EndGlobalSection
	GlobalSection(ExtensibilityGlobals) = postSolution
		SolutionGuid = {2CA47D45-FFBF-43E0-A881-6BC8A016C7C6}
	EndGlobalSection
EndGlobal
